
Microsoft Visual Studio Solution File, Format Version 12.00
# Visual Studio Version 16
VisualStudioVersion = 16.0.30104.148
MinimumVisualStudioVersion = 10.0.40219.1
Project("{FAE04EC0-301F-11D3-BF4B-00C04F79EFBC}") = "2048WindowsFormsApp", "2048WindowsFormsApp\2048WindowsFormsApp.csproj", "{DFA529B1-4AA6-4C1C-9CC9-25158528D672}"
EndProject
Global
	GlobalSection(SolutionConfigurationPlatforms) = preSolution
		Debug|Any CPU = Debug|Any CPU
		Release|Any CPU = Release|Any CPU
	EndGlobalSection
	GlobalSection(ProjectConfigurationPlatforms) = postSolution
		{DFA529B1-4AA6-4C1C-9CC9-25158528D672}.Debug|Any CPU.ActiveCfg = Debug|Any CPU
		{DFA529B1-4AA6-4C1C-9CC9-25158528D672}.Debug|Any CPU.Build.0 = Debug|Any CPU
		{DFA529B1-4AA6-4C1C-9CC9-25158528D672}.Release|Any CPU.ActiveCfg = Release|Any CPU
		{DFA529B1-4AA6-4C1C-9CC9-25158528D672}.Release|Any CPU.Build.0 = Release|Any CPU
	EndGlobalSection
	GlobalSection(SolutionProperties) = preSolution
		HideSolutionNode = FALSE
	EndGlobalSection
	GlobalSection(ExtensibilityGlobals) = postSolution
		SolutionGuid = {D1909568-FBF2-4B7E-84C4-987C186378FB}
	EndGlobalSection
EndGlobal
